
Microsoft Visual Studio Solution File, Format Version 12.00
# Visual Studio 15
VisualStudioVersion = 15.0.28010.2003
MinimumVisualStudioVersion = 10.0.40219.1
Project("{9A19103F-16F7-4668-BE54-9A1E7A4F7556}") = "Kinoheld.Api.Client", "Kinoheld.Api.Client\Kinoheld.Api.Client.csproj", "{3616D95C-44AC-4537-A516-505792D2F899}"
EndProject
Project("{FAE04EC0-301F-11D3-BF4B-00C04F79EFBC}") = "Kinoheld.Api.Client.Tests", "Kinoheld.Api.Client.Tests\Kinoheld.Api.Client.Tests.csproj", "{7888A6E2-D502-4139-A91A-FD3E4F4037BA}"
EndProject
Global
	GlobalSection(SolutionConfigurationPlatforms) = preSolution
		Debug|Any CPU = Debug|Any CPU
		Release|Any CPU = Release|Any CPU
	EndGlobalSection
	GlobalSection(ProjectConfigurationPlatforms) = postSolution
		{3616D95C-44AC-4537-A516-505792D2F899}.Debug|Any CPU.ActiveCfg = Debug|Any CPU
		{3616D95C-44AC-4537-A516-505792D2F899}.Debug|Any CPU.Build.0 = Debug|Any CPU
		{3616D95C-44AC-4537-A516-505792D2F899}.Release|Any CPU.ActiveCfg = Release|Any CPU
		{3616D95C-44AC-4537-A516-505792D2F899}.Release|Any CPU.Build.0 = Release|Any CPU
		{7888A6E2-D502-4139-A91A-FD3E4F4037BA}.Debug|Any CPU.ActiveCfg = Debug|Any CPU
		{7888A6E2-D502-4139-A91A-FD3E4F4037BA}.Debug|Any CPU.Build.0 = Debug|Any CPU
		{7888A6E2-D502-4139-A91A-FD3E4F4037BA}.Release|Any CPU.ActiveCfg = Release|Any CPU
		{7888A6E2-D502-4139-A91A-FD3E4F4037BA}.Release|Any CPU.Build.0 = Release|Any CPU
	EndGlobalSection
	GlobalSection(SolutionProperties) = preSolution
		HideSolutionNode = FALSE
	EndGlobalSection
	GlobalSection(ExtensibilityGlobals) = postSolution
		SolutionGuid = {65610BE0-329A-49A8-8956-C850105870DE}
	EndGlobalSection
EndGlobal
